// !$*UTF8*$!
{
	archiveVersion = 1;
	classes = {
	};
	objectVersion = 50;
	objects = {

/* Begin PBXBuildFile section */
		91B8E89822E4ABC700F73430 /* AppDelegate.m in Sources */ = {isa = PBXBuildFile; fileRef = 91B8E89722E4ABC700F73430 /* AppDelegate.m */; };
		91B8E89E22E4ABC700F73430 /* Main.storyboard in Resources */ = {isa = PBXBuildFile; fileRef = 91B8E89C22E4ABC700F73430 /* Main.storyboard */; };
		91B8E8A022E4ABC800F73430 /* Assets.xcassets in Resources */ = {isa = PBXBuildFile; fileRef = 91B8E89F22E4ABC800F73430 /* Assets.xcassets */; };
		91B8E8A322E4ABC800F73430 /* LaunchScreen.storyboard in Resources */ = {isa = PBXBuildFile; fileRef = 91B8E8A122E4ABC800F73430 /* LaunchScreen.storyboard */; };
		91B8E8A622E4ABC800F73430 /* main.m in Sources */ = {isa = PBXBuildFile; fileRef = 91B8E8A522E4ABC800F73430 /* main.m */; };
		91B8E8B022E4ABC800F73430 /* BasicModuleTests.m in Sources */ = {isa = PBXBuildFile; fileRef = 91B8E8AF22E4ABC800F73430 /* BasicModuleTests.m */; };
		91B8E8BB22E4ABC800F73430 /* BasicModuleUITests.m in Sources */ = {isa = PBXBuildFile; fileRef = 91B8E8BA22E4ABC800F73430 /* BasicModuleUITests.m */; };
		91B8E8E122E4AC0300F73430 /* UIView+Additions.m in Sources */ = {isa = PBXBuildFile; fileRef = 91B8E8CE22E4AC0300F73430 /* UIView+Additions.m */; };
		91B8E8E322E4AC0300F73430 /* UIViewExt.m in Sources */ = {isa = PBXBuildFile; fileRef = 91B8E8D122E4AC0300F73430 /* UIViewExt.m */; };
		91B8E8E422E4AC0300F73430 /* UIView+CurrentController.m in Sources */ = {isa = PBXBuildFile; fileRef = 91B8E8D222E4AC0300F73430 /* UIView+CurrentController.m */; };
		91B8E8E522E4AC0300F73430 /* UIView+Fade.m in Sources */ = {isa = PBXBuildFile; fileRef = 91B8E8D322E4AC0300F73430 /* UIView+Fade.m */; };
		91B8E8E722E4AC0300F73430 /* UIView+Toast.m in Sources */ = {isa = PBXBuildFile; fileRef = 91B8E8D922E4AC0300F73430 /* UIView+Toast.m */; };
		91B8E8E822E4AC0300F73430 /* UIDevice+Category.m in Sources */ = {isa = PBXBuildFile; fileRef = 91B8E8DB22E4AC0300F73430 /* UIDevice+Category.m */; };
		91B8E8E922E4AC0300F73430 /* NSObject+WakeUpMainThread.m in Sources */ = {isa = PBXBuildFile; fileRef = 91B8E8DE22E4AC0300F73430 /* NSObject+WakeUpMainThread.m */; };
/* End PBXBuildFile section */

/* Begin PBXContainerItemProxy section */
		91B8E8AC22E4ABC800F73430 /* PBXContainerItemProxy */ = {
			isa = PBXContainerItemProxy;
			containerPortal = 91B8E88B22E4ABC700F73430 /* Project object */;
			proxyType = 1;
			remoteGlobalIDString = 91B8E89222E4ABC700F73430;
			remoteInfo = BasicModule;
		};
		91B8E8B722E4ABC800F73430 /* PBXContainerItemProxy */ = {
			isa = PBXContainerItemProxy;
			containerPortal = 91B8E88B22E4ABC700F73430 /* Project object */;
			proxyType = 1;
			remoteGlobalIDString = 91B8E89222E4ABC700F73430;
			remoteInfo = BasicModule;
		};
/* End PBXContainerItemProxy section */

/* Begin PBXFileReference section */
		91B8E89322E4ABC700F73430 /* BasicModule.app */ = {isa = PBXFileReference; explicitFileType = wrapper.application; includeInIndex = 0; path = BasicModule.app; sourceTree = BUILT_PRODUCTS_DIR; };
		91B8E89622E4ABC700F73430 /* AppDelegate.h */ = {isa = PBXFileReference; lastKnownFileType = sourcecode.c.h; path = AppDelegate.h; sourceTree = "<group>"; };
		91B8E89722E4ABC700F73430 /* AppDelegate.m */ = {isa = PBXFileReference; lastKnownFileType = sourcecode.c.objc; path = AppDelegate.m; sourceTree = "<group>"; };
		91B8E89D22E4ABC700F73430 /* Base */ = {isa = PBXFileReference; lastKnownFileType = file.storyboard; name = Base; path = Base.lproj/Main.storyboard; sourceTree = "<group>"; };
		91B8E89F22E4ABC800F73430 /* Assets.xcassets */ = {isa = PBXFileReference; lastKnownFileType = folder.assetcatalog; path = Assets.xcassets; sourceTree = "<group>"; };
		91B8E8A222E4ABC800F73430 /* Base */ = {isa = PBXFileReference; lastKnownFileType = file.storyboard; name = Base; path = Base.lproj/LaunchScreen.storyboard; sourceTree = "<group>"; };
		91B8E8A422E4ABC800F73430 /* Info.plist */ = {isa = PBXFileReference; lastKnownFileType = text.plist.xml; path = Info.plist; sourceTree = "<group>"; };
		91B8E8A522E4ABC800F73430 /* main.m */ = {isa = PBXFileReference; lastKnownFileType = sourcecode.c.objc; path = main.m; sourceTree = "<group>"; };
		91B8E8AB22E4ABC800F73430 /* BasicModuleTests.xctest */ = {isa = PBXFileReference; explicitFileType = wrapper.cfbundle; includeInIndex = 0; path = BasicModuleTests.xctest; sourceTree = BUILT_PRODUCTS_DIR; };
		91B8E8AF22E4ABC800F73430 /* BasicModuleTests.m */ = {isa = PBXFileReference; lastKnownFileType = sourcecode.c.objc; path = BasicModuleTests.m; sourceTree = "<group>"; };
		91B8E8B122E4ABC800F73430 /* Info.plist */ = {isa = PBXFileReference; lastKnownFileType = text.plist.xml; path = Info.plist; sourceTree = "<group>"; };
		91B8E8B622E4ABC800F73430 /* BasicModuleUITests.xctest */ = {isa = PBXFileReference; explicitFileType = wrapper.cfbundle; includeInIndex = 0; path = BasicModuleUITests.xctest; sourceTree = BUILT_PRODUCTS_DIR; };
		91B8E8BA22E4ABC800F73430 /* BasicModuleUITests.m */ = {isa = PBXFileReference; lastKnownFileType = sourcecode.c.objc; path = BasicModuleUITests.m; sourceTree = "<group>"; };
		91B8E8BC22E4ABC800F73430 /* Info.plist */ = {isa = PBXFileReference; lastKnownFileType = text.plist.xml; path = Info.plist; sourceTree = "<group>"; };
		91B8E8CB22E4AC0300F73430 /* UIView+Fade.h */ = {isa = PBXFileReference; fileEncoding = 4; lastKnownFileType = sourcecode.c.h; path = "UIView+Fade.h"; sourceTree = "<group>"; };
		91B8E8CC22E4AC0300F73430 /* UIView+CurrentController.h */ = {isa = PBXFileReference; fileEncoding = 4; lastKnownFileType = sourcecode.c.h; path = "UIView+CurrentController.h"; sourceTree = "<group>"; };
		91B8E8CE22E4AC0300F73430 /* UIView+Additions.m */ = {isa = PBXFileReference; fileEncoding = 4; lastKnownFileType = sourcecode.c.objc; path = "UIView+Additions.m"; sourceTree = "<group>"; };
		91B8E8CF22E4AC0300F73430 /* UIView+Toast.h */ = {isa = PBXFileReference; fileEncoding = 4; lastKnownFileType = sourcecode.c.h; path = "UIView+Toast.h"; sourceTree = "<group>"; };
		91B8E8D122E4AC0300F73430 /* UIViewExt.m */ = {isa = PBXFileReference; fileEncoding = 4; lastKnownFileType = sourcecode.c.objc; path = UIViewExt.m; sourceTree = "<group>"; };
		91B8E8D222E4AC0300F73430 /* UIView+CurrentController.m */ = {isa = PBXFileReference; fileEncoding = 4; lastKnownFileType = sourcecode.c.objc; path = "UIView+CurrentController.m"; sourceTree = "<group>"; };
		91B8E8D322E4AC0300F73430 /* UIView+Fade.m */ = {isa = PBXFileReference; fileEncoding = 4; lastKnownFileType = sourcecode.c.objc; path = "UIView+Fade.m"; sourceTree = "<group>"; };
		91B8E8D522E4AC0300F73430 /* UIView+Additions.h */ = {isa = PBXFileReference; fileEncoding = 4; lastKnownFileType = sourcecode.c.h; path = "UIView+Additions.h"; sourceTree = "<group>"; };
		91B8E8D722E4AC0300F73430 /* UIViewExt.h */ = {isa = PBXFileReference; fileEncoding = 4; lastKnownFileType = sourcecode.c.h; path = UIViewExt.h; sourceTree = "<group>"; };
		91B8E8D922E4AC0300F73430 /* UIView+Toast.m */ = {isa = PBXFileReference; fileEncoding = 4; lastKnownFileType = sourcecode.c.objc; path = "UIView+Toast.m"; sourceTree = "<group>"; };
		91B8E8DB22E4AC0300F73430 /* UIDevice+Category.m */ = {isa = PBXFileReference; fileEncoding = 4; lastKnownFileType = sourcecode.c.objc; path = "UIDevice+Category.m"; sourceTree = "<group>"; };
		91B8E8DC22E4AC0300F73430 /* UIDevice+Category.h */ = {isa = PBXFileReference; fileEncoding = 4; lastKnownFileType = sourcecode.c.h; path = "UIDevice+Category.h"; sourceTree = "<group>"; };
		91B8E8DE22E4AC0300F73430 /* NSObject+WakeUpMainThread.m */ = {isa = PBXFileReference; fileEncoding = 4; lastKnownFileType = sourcecode.c.objc; path = "NSObject+WakeUpMainThread.m"; sourceTree = "<group>"; };
		91B8E8DF22E4AC0300F73430 /* NSObject+WakeUpMainThread.h */ = {isa = PBXFileReference; fileEncoding = 4; lastKnownFileType = sourcecode.c.h; path = "NSObject+WakeUpMainThread.h"; sourceTree = "<group>"; };
/* End PBXFileReference section */

/* Begin PBXFrameworksBuildPhase section */
		91B8E89022E4ABC700F73430 /* Frameworks */ = {
			isa = PBXFrameworksBuildPhase;
			buildActionMask = 2147483647;
			files = (
			);
			runOnlyForDeploymentPostprocessing = 0;
		};
		91B8E8A822E4ABC800F73430 /* Frameworks */ = {
			isa = PBXFrameworksBuildPhase;
			buildActionMask = 2147483647;
			files = (
			);
			runOnlyForDeploymentPostprocessing = 0;
		};
		91B8E8B322E4ABC800F73430 /* Frameworks */ = {
			isa = PBXFrameworksBuildPhase;
			buildActionMask = 2147483647;
			files = (
			);
			runOnlyForDeploymentPostprocessing = 0;
		};
/* End PBXFrameworksBuildPhase section */

/* Begin PBXGroup section */
		91B8E88A22E4ABC700F73430 = {
			isa = PBXGroup;
			children = (
				91B8E89522E4ABC700F73430 /* BasicModule */,
				91B8E8AE22E4ABC800F73430 /* BasicModuleTests */,
				91B8E8B922E4ABC800F73430 /* BasicModuleUITests */,
				91B8E89422E4ABC700F73430 /* Products */,
			);
			sourceTree = "<group>";
		};
		91B8E89422E4ABC700F73430 /* Products */ = {
			isa = PBXGroup;
			children = (
				91B8E89322E4ABC700F73430 /* BasicModule.app */,
				91B8E8AB22E4ABC800F73430 /* BasicModuleTests.xctest */,
				91B8E8B622E4ABC800F73430 /* BasicModuleUITests.xctest */,
			);
			name = Products;
			sourceTree = "<group>";
		};
		91B8E89522E4ABC700F73430 /* BasicModule */ = {
			isa = PBXGroup;
			children = (
				91B8E8C822E4AC0300F73430 /* Classess */,
				91B8E89622E4ABC700F73430 /* AppDelegate.h */,
				91B8E89722E4ABC700F73430 /* AppDelegate.m */,
				91B8E89C22E4ABC700F73430 /* Main.storyboard */,
				91B8E89F22E4ABC800F73430 /* Assets.xcassets */,
				91B8E8A122E4ABC800F73430 /* LaunchScreen.storyboard */,
				91B8E8A422E4ABC800F73430 /* Info.plist */,
				91B8E8A522E4ABC800F73430 /* main.m */,
			);
			path = BasicModule;
			sourceTree = "<group>";
		};
		91B8E8AE22E4ABC800F73430 /* BasicModuleTests */ = {
			isa = PBXGroup;
			children = (
				91B8E8AF22E4ABC800F73430 /* BasicModuleTests.m */,
				91B8E8B122E4ABC800F73430 /* Info.plist */,
			);
			path = BasicModuleTests;
			sourceTree = "<group>";
		};
		91B8E8B922E4ABC800F73430 /* BasicModuleUITests */ = {
			isa = PBXGroup;
			children = (
				91B8E8BA22E4ABC800F73430 /* BasicModuleUITests.m */,
				91B8E8BC22E4ABC800F73430 /* Info.plist */,
			);
			path = BasicModuleUITests;
			sourceTree = "<group>";
		};
		91B8E8C822E4AC0300F73430 /* Classess */ = {
			isa = PBXGroup;
			children = (
				91B8E8C922E4AC0300F73430 /* UIView */,
				91B8E8DA22E4AC0300F73430 /* UIDevice */,
				91B8E8DD22E4AC0300F73430 /* NSObject */,
			);
			path = Classess;
			sourceTree = "<group>";
		};
		91B8E8C922E4AC0300F73430 /* UIView */ = {
			isa = PBXGroup;
			children = (
				91B8E8D522E4AC0300F73430 /* UIView+Additions.h */,
				91B8E8CE22E4AC0300F73430 /* UIView+Additions.m */,
				91B8E8CC22E4AC0300F73430 /* UIView+CurrentController.h */,
				91B8E8D222E4AC0300F73430 /* UIView+CurrentController.m */,
				91B8E8CB22E4AC0300F73430 /* UIView+Fade.h */,
				91B8E8D322E4AC0300F73430 /* UIView+Fade.m */,
				91B8E8CF22E4AC0300F73430 /* UIView+Toast.h */,
				91B8E8D922E4AC0300F73430 /* UIView+Toast.m */,
				91B8E8D722E4AC0300F73430 /* UIViewExt.h */,
				91B8E8D122E4AC0300F73430 /* UIViewExt.m */,
			);
			path = UIView;
			sourceTree = "<group>";
		};
		91B8E8DA22E4AC0300F73430 /* UIDevice */ = {
			isa = PBXGroup;
			children = (
				91B8E8DB22E4AC0300F73430 /* UIDevice+Category.m */,
				91B8E8DC22E4AC0300F73430 /* UIDevice+Category.h */,
			);
			path = UIDevice;
			sourceTree = "<group>";
		};
		91B8E8DD22E4AC0300F73430 /* NSObject */ = {
			isa = PBXGroup;
			children = (
				91B8E8DE22E4AC0300F73430 /* NSObject+WakeUpMainThread.m */,
				91B8E8DF22E4AC0300F73430 /* NSObject+WakeUpMainThread.h */,
			);
			path = NSObject;
			sourceTree = "<group>";
		};
/* End PBXGroup section */

/* Begin PBXNativeTarget section */
		91B8E89222E4ABC700F73430 /* BasicModule */ = {
			isa = PBXNativeTarget;
			buildConfigurationList = 91B8E8BF22E4ABC800F73430 /* Build configuration list for PBXNativeTarget "BasicModule" */;
			buildPhases = (
				91B8E88F22E4ABC700F73430 /* Sources */,
				91B8E89022E4ABC700F73430 /* Frameworks */,
				91B8E89122E4ABC700F73430 /* Resources */,
			);
			buildRules = (
			);
			dependencies = (
			);
			name = BasicModule;
			productName = BasicModule;
			productReference = 91B8E89322E4ABC700F73430 /* BasicModule.app */;
			productType = "com.apple.product-type.application";
		};
		91B8E8AA22E4ABC800F73430 /* BasicModuleTests */ = {
			isa = PBXNativeTarget;
			buildConfigurationList = 91B8E8C222E4ABC800F73430 /* Build configuration list for PBXNativeTarget "BasicModuleTests" */;
			buildPhases = (
				91B8E8A722E4ABC800F73430 /* Sources */,
				91B8E8A822E4ABC800F73430 /* Frameworks */,
				91B8E8A922E4ABC800F73430 /* Resources */,
			);
			buildRules = (
			);
			dependencies = (
				91B8E8AD22E4ABC800F73430 /* PBXTargetDependency */,
			);
			name = BasicModuleTests;
			productName = BasicModuleTests;
			productReference = 91B8E8AB22E4ABC800F73430 /* BasicModuleTests.xctest */;
			productType = "com.apple.product-type.bundle.unit-test";
		};
		91B8E8B522E4ABC800F73430 /* BasicModuleUITests */ = {
			isa = PBXNativeTarget;
			buildConfigurationList = 91B8E8C522E4ABC800F73430 /* Build configuration list for PBXNativeTarget "BasicModuleUITests" */;
			buildPhases = (
				91B8E8B222E4ABC800F73430 /* Sources */,
				91B8E8B322E4ABC800F73430 /* Frameworks */,
				91B8E8B422E4ABC800F73430 /* Resources */,
			);
			buildRules = (
			);
			dependencies = (
				91B8E8B822E4ABC800F73430 /* PBXTargetDependency */,
			);
			name = BasicModuleUITests;
			productName = BasicModuleUITests;
			productReference = 91B8E8B622E4ABC800F73430 /* BasicModuleUITests.xctest */;
			productType = "com.apple.product-type.bundle.ui-testing";
		};
/* End PBXNativeTarget section */

/* Begin PBXProject section */
		91B8E88B22E4ABC700F73430 /* Project object */ = {
			isa = PBXProject;
			attributes = {
				LastUpgradeCheck = 1010;
				ORGANIZATIONNAME = lijunfeng;
				TargetAttributes = {
					91B8E89222E4ABC700F73430 = {
						CreatedOnToolsVersion = 10.1;
					};
					91B8E8AA22E4ABC800F73430 = {
						CreatedOnToolsVersion = 10.1;
						TestTargetID = 91B8E89222E4ABC700F73430;
					};
					91B8E8B522E4ABC800F73430 = {
						CreatedOnToolsVersion = 10.1;
						TestTargetID = 91B8E89222E4ABC700F73430;
					};
				};
			};
			buildConfigurationList = 91B8E88E22E4ABC700F73430 /* Build configuration list for PBXProject "BasicModule" */;
			compatibilityVersion = "Xcode 9.3";
			developmentRegion = en;
			hasScannedForEncodings = 0;
			knownRegions = (
				en,
				Base,
			);
			mainGroup = 91B8E88A22E4ABC700F73430;
			productRefGroup = 91B8E89422E4ABC700F73430 /* Products */;
			projectDirPath = "";
			projectRoot = "";
			targets = (
				91B8E89222E4ABC700F73430 /* BasicModule */,
				91B8E8AA22E4ABC800F73430 /* BasicModuleTests */,
				91B8E8B522E4ABC800F73430 /* BasicModuleUITests */,
			);
		};
/* End PBXProject section */

/* Begin PBXResourcesBuildPhase section */
		91B8E89122E4ABC700F73430 /* Resources */ = {
			isa = PBXResourcesBuildPhase;
			buildActionMask = 2147483647;
			files = (
				91B8E8A322E4ABC800F73430 /* LaunchScreen.storyboard in Resources */,
				91B8E8A022E4ABC800F73430 /* Assets.xcassets in Resources */,
				91B8E89E22E4ABC700F73430 /* Main.storyboard in Resources */,
			);
			runOnlyForDeploymentPostprocessing = 0;
		};
		91B8E8A922E4ABC800F73430 /* Resources */ = {
			isa = PBXResourcesBuildPhase;
			buildActionMask = 2147483647;
			files = (
			);
			runOnlyForDeploymentPostprocessing = 0;
		};
		91B8E8B422E4ABC800F73430 /* Resources */ = {
			isa = PBXResourcesBuildPhase;
			buildActionMask = 2147483647;
			files = (
			);
			runOnlyForDeploymentPostprocessing = 0;
		};
/* End PBXResourcesBuildPhase section */

/* Begin PBXSourcesBuildPhase section */
		91B8E88F22E4ABC700F73430 /* Sources */ = {
			isa = PBXSourcesBuildPhase;
			buildActionMask = 2147483647;
			files = (
				91B8E8E522E4AC0300F73430 /* UIView+Fade.m in Sources */,
				91B8E8E422E4AC0300F73430 /* UIView+CurrentController.m in Sources */,
				91B8E8E322E4AC0300F73430 /* UIViewExt.m in Sources */,
				91B8E8E822E4AC0300F73430 /* UIDevice+Category.m in Sources */,
				91B8E8E722E4AC0300F73430 /* UIView+Toast.m in Sources */,
				91B8E8A622E4ABC800F73430 /* main.m in Sources */,
				91B8E8E122E4AC0300F73430 /* UIView+Additions.m in Sources */,
				91B8E89822E4ABC700F73430 /* AppDelegate.m in Sources */,
				91B8E8E922E4AC0300F73430 /* NSObject+WakeUpMainThread.m in Sources */,
			);
			runOnlyForDeploymentPostprocessing = 0;
		};
		91B8E8A722E4ABC800F73430 /* Sources */ = {
			isa = PBXSourcesBuildPhase;
			buildActionMask = 2147483647;
			files = (
				91B8E8B022E4ABC800F73430 /* BasicModuleTests.m in Sources */,
			);
			runOnlyForDeploymentPostprocessing = 0;
		};
		91B8E8B222E4ABC800F73430 /* Sources */ = {
			isa = PBXSourcesBuildPhase;
			buildActionMask = 2147483647;
			files = (
				91B8E8BB22E4ABC800F73430 /* BasicModuleUITests.m in Sources */,
			);
			runOnlyForDeploymentPostprocessing = 0;
		};
/* End PBXSourcesBuildPhase section */

/* Begin PBXTargetDependency section */
		91B8E8AD22E4ABC800F73430 /* PBXTargetDependency */ = {
			isa = PBXTargetDependency;
			target = 91B8E89222E4ABC700F73430 /* BasicModule */;
			targetProxy = 91B8E8AC22E4ABC800F73430 /* PBXContainerItemProxy */;
		};
		91B8E8B822E4ABC800F73430 /* PBXTargetDependency */ = {
			isa = PBXTargetDependency;
			target = 91B8E89222E4ABC700F73430 /* BasicModule */;
			targetProxy = 91B8E8B722E4ABC800F73430 /* PBXContainerItemProxy */;
		};
/* End PBXTargetDependency section */

/* Begin PBXVariantGroup section */
		91B8E89C22E4ABC700F73430 /* Main.storyboard */ = {
			isa = PBXVariantGroup;
			children = (
				91B8E89D22E4ABC700F73430 /* Base */,
			);
			name = Main.storyboard;
			sourceTree = "<group>";
		};
		91B8E8A122E4ABC800F73430 /* LaunchScreen.storyboard */ = {
			isa = PBXVariantGroup;
			children = (
				91B8E8A222E4ABC800F73430 /* Base */,
			);
			name = LaunchScreen.storyboard;
			sourceTree = "<group>";
		};
/* End PBXVariantGroup section */

/* Begin XCBuildConfiguration section */
		91B8E8BD22E4ABC800F73430 /* Debug */ = {
			isa = XCBuildConfiguration;
			buildSettings = {
				ALWAYS_SEARCH_USER_PATHS = NO;
				CLANG_ANALYZER_NONNULL = YES;
				CLANG_ANALYZER_NUMBER_OBJECT_CONVERSION = YES_AGGRESSIVE;
				CLANG_CXX_LANGUAGE_STANDARD = "gnu++14";
				CLANG_CXX_LIBRARY = "libc++";
				CLANG_ENABLE_MODULES = YES;
				CLANG_ENABLE_OBJC_ARC = YES;
				CLANG_ENABLE_OBJC_WEAK = YES;
				CLANG_WARN_BLOCK_CAPTURE_AUTORELEASING = YES;
				CLANG_WARN_BOOL_CONVERSION = YES;
				CLANG_WARN_COMMA = YES;
				CLANG_WARN_CONSTANT_CONVERSION = YES;
				CLANG_WARN_DEPRECATED_OBJC_IMPLEMENTATIONS = YES;
				CLANG_WARN_DIRECT_OBJC_ISA_USAGE = YES_ERROR;
				CLANG_WARN_DOCUMENTATION_COMMENTS = YES;
				CLANG_WARN_EMPTY_BODY = YES;
				CLANG_WARN_ENUM_CONVERSION = YES;
				CLANG_WARN_INFINITE_RECURSION = YES;
				CLANG_WARN_INT_CONVERSION = YES;
				CLANG_WARN_NON_LITERAL_NULL_CONVERSION = YES;
				CLANG_WARN_OBJC_IMPLICIT_RETAIN_SELF = YES;
				CLANG_WARN_OBJC_LITERAL_CONVERSION = YES;
				CLANG_WARN_OBJC_ROOT_CLASS = YES_ERROR;
				CLANG_WARN_RANGE_LOOP_ANALYSIS = YES;
				CLANG_WARN_STRICT_PROTOTYPES = YES;
				CLANG_WARN_SUSPICIOUS_MOVE = YES;
				CLANG_WARN_UNGUARDED_AVAILABILITY = YES_AGGRESSIVE;
				CLANG_WARN_UNREACHABLE_CODE = YES;
				CLANG_WARN__DUPLICATE_METHOD_MATCH = YES;
				CODE_SIGN_IDENTITY = "iPhone Developer";
				COPY_PHASE_STRIP = NO;
				DEBUG_INFORMATION_FORMAT = dwarf;
				ENABLE_STRICT_OBJC_MSGSEND = YES;
				ENABLE_TESTABILITY = YES;
				GCC_C_LANGUAGE_STANDARD = gnu11;
				GCC_DYNAMIC_NO_PIC = NO;
				GCC_NO_COMMON_BLOCKS = YES;
				GCC_OPTIMIZATION_LEVEL = 0;
				GCC_PREPROCESSOR_DEFINITIONS = (
					"DEBUG=1",
					"$(inherited)",
				);
				GCC_WARN_64_TO_32_BIT_CONVERSION = YES;
				GCC_WARN_ABOUT_RETURN_TYPE = YES_ERROR;
				GCC_WARN_UNDECLARED_SELECTOR = YES;
				GCC_WARN_UNINITIALIZED_AUTOS = YES_AGGRESSIVE;
				GCC_WARN_UNUSED_FUNCTION = YES;
				GCC_WARN_UNUSED_VARIABLE = YES;
				IPHONEOS_DEPLOYMENT_TARGET = 12.1;
				MTL_ENABLE_DEBUG_INFO = INCLUDE_SOURCE;
				MTL_FAST_MATH = YES;
				ONLY_ACTIVE_ARCH = YES;
				SDKROOT = iphoneos;
			};
			name = Debug;
		};
		91B8E8BE22E4ABC800F73430 /* Release */ = {
			isa = XCBuildConfiguration;
			buildSettings = {
				ALWAYS_SEARCH_USER_PATHS = NO;
				CLANG_ANALYZER_NONNULL = YES;
				CLANG_ANALYZER_NUMBER_OBJECT_CONVERSION = YES_AGGRESSIVE;
				CLANG_CXX_LANGUAGE_STANDARD = "gnu++14";
				CLANG_CXX_LIBRARY = "libc++";
				CLANG_ENABLE_MODULES = YES;
				CLANG_ENABLE_OBJC_ARC = YES;
				CLANG_ENABLE_OBJC_WEAK = YES;
				CLANG_WARN_BLOCK_CAPTURE_AUTORELEASING = YES;
				CLANG_WARN_BOOL_CONVERSION = YES;
				CLANG_WARN_COMMA = YES;
				CLANG_WARN_CONSTANT_CONVERSION = YES;
				CLANG_WARN_DEPRECATED_OBJC_IMPLEMENTATIONS = YES;
				CLANG_WARN_DIRECT_OBJC_ISA_USAGE = YES_ERROR;
				CLANG_WARN_DOCUMENTATION_COMMENTS = YES;
				CLANG_WARN_EMPTY_BODY = YES;
				CLANG_WARN_ENUM_CONVERSION = YES;
				CLANG_WARN_INFINITE_RECURSION = YES;
				CLANG_WARN_INT_CONVERSION = YES;
				CLANG_WARN_NON_LITERAL_NULL_CONVERSION = YES;
				CLANG_WARN_OBJC_IMPLICIT_RETAIN_SELF = YES;
				CLANG_WARN_OBJC_LITERAL_CONVERSION = YES;
				CLANG_WARN_OBJC_ROOT_CLASS = YES_ERROR;
				CLANG_WARN_RANGE_LOOP_ANALYSIS = YES;
				CLANG_WARN_STRICT_PROTOTYPES = YES;
				CLANG_WARN_SUSPICIOUS_MOVE = YES;
				CLANG_WARN_UNGUARDED_AVAILABILITY = YES_AGGRESSIVE;
				CLANG_WARN_UNREACHABLE_CODE = YES;
				CLANG_WARN__DUPLICATE_METHOD_MATCH = YES;
				CODE_SIGN_IDENTITY = "iPhone Developer";
				COPY_PHASE_STRIP = NO;
				DEBUG_INFORMATION_FORMAT = "dwarf-with-dsym";
				ENABLE_NS_ASSERTIONS = NO;
				ENABLE_STRICT_OBJC_MSGSEND = YES;
				GCC_C_LANGUAGE_STANDARD = gnu11;
				GCC_NO_COMMON_BLOCKS = YES;
				GCC_WARN_64_TO_32_BIT_CONVERSION = YES;
				GCC_WARN_ABOUT_RETURN_TYPE = YES_ERROR;
				GCC_WARN_UNDECLARED_SELECTOR = YES;
				GCC_WARN_UNINITIALIZED_AUTOS = YES_AGGRESSIVE;
				GCC_WARN_UNUSED_FUNCTION = YES;
				GCC_WARN_UNUSED_VARIABLE = YES;
				IPHONEOS_DEPLOYMENT_TARGET = 12.1;
				MTL_ENABLE_DEBUG_INFO = NO;
				MTL_FAST_MATH = YES;
				SDKROOT = iphoneos;
				VALIDATE_PRODUCT = YES;
			};
			name = Release;
		};
		91B8E8C022E4ABC800F73430 /* Debug */ = {
			isa = XCBuildConfiguration;
			buildSettings = {
				ASSETCATALOG_COMPILER_APPICON_NAME = AppIcon;
				CODE_SIGN_STYLE = Automatic;
				INFOPLIST_FILE = BasicModule/Info.plist;
				LD_RUNPATH_SEARCH_PATHS = (
					"$(inherited)",
					"@executable_path/Frameworks",
				);
				PRODUCT_BUNDLE_IDENTIFIER = com.main.maingroup.BasicModule;
				PRODUCT_NAME = "$(TARGET_NAME)";
				TARGETED_DEVICE_FAMILY = "1,2";
			};
			name = Debug;
		};
		91B8E8C122E4ABC800F73430 /* Release */ = {
			isa = XCBuildConfiguration;
			buildSettings = {
				ASSETCATALOG_COMPILER_APPICON_NAME = AppIcon;
				CODE_SIGN_STYLE = Automatic;
				INFOPLIST_FILE = BasicModule/Info.plist;
				LD_RUNPATH_SEARCH_PATHS = (
					"$(inherited)",
					"@executable_path/Frameworks",
				);
				PRODUCT_BUNDLE_IDENTIFIER = com.main.maingroup.BasicModule;
				PRODUCT_NAME = "$(TARGET_NAME)";
				TARGETED_DEVICE_FAMILY = "1,2";
			};
			name = Release;
		};
		91B8E8C322E4ABC800F73430 /* Debug */ = {
			isa = XCBuildConfiguration;
			buildSettings = {
				BUNDLE_LOADER = "$(TEST_HOST)";
				CODE_SIGN_STYLE = Automatic;
				INFOPLIST_FILE = BasicModuleTests/Info.plist;
				LD_RUNPATH_SEARCH_PATHS = (
					"$(inherited)",
					"@executable_path/Frameworks",
					"@loader_path/Frameworks",
				);
				PRODUCT_BUNDLE_IDENTIFIER = com.main.maingroup.BasicModuleTests;
				PRODUCT_NAME = "$(TARGET_NAME)";
				TARGETED_DEVICE_FAMILY = "1,2";
				TEST_HOST = "$(BUILT_PRODUCTS_DIR)/BasicModule.app/BasicModule";
			};
			name = Debug;
		};
		91B8E8C422E4ABC800F73430 /* Release */ = {
			isa = XCBuildConfiguration;
			buildSettings = {
				BUNDLE_LOADER = "$(TEST_HOST)";
				CODE_SIGN_STYLE = Automatic;
				INFOPLIST_FILE = BasicModuleTests/Info.plist;
				LD_RUNPATH_SEARCH_PATHS = (
					"$(inherited)",
					"@executable_path/Frameworks",
					"@loader_path/Frameworks",
				);
				PRODUCT_BUNDLE_IDENTIFIER = com.main.maingroup.BasicModuleTests;
				PRODUCT_NAME = "$(TARGET_NAME)";
				TARGETED_DEVICE_FAMILY = "1,2";
				TEST_HOST = "$(BUILT_PRODUCTS_DIR)/BasicModule.app/BasicModule";
			};
			name = Release;
		};
		91B8E8C622E4ABC800F73430 /* Debug */ = {
			isa = XCBuildConfiguration;
			buildSettings = {
				CODE_SIGN_STYLE = Automatic;
				INFOPLIST_FILE = BasicModuleUITests/Info.plist;
				LD_RUNPATH_SEARCH_PATHS = (
					"$(inherited)",
					"@executable_path/Frameworks",
					"@loader_path/Frameworks",
				);
				PRODUCT_BUNDLE_IDENTIFIER = com.main.maingroup.BasicModuleUITests;
				PRODUCT_NAME = "$(TARGET_NAME)";
				TARGETED_DEVICE_FAMILY = "1,2";
				TEST_TARGET_NAME = BasicModule;
			};
			name = Debug;
		};
		91B8E8C722E4ABC800F73430 /* Release */ = {
			isa = XCBuildConfiguration;
			buildSettings = {
				CODE_SIGN_STYLE = Automatic;
				INFOPLIST_FILE = BasicModuleUITests/Info.plist;
				LD_RUNPATH_SEARCH_PATHS = (
					"$(inherited)",
					"@executable_path/Frameworks",
					"@loader_path/Frameworks",
				);
				PRODUCT_BUNDLE_IDENTIFIER = com.main.maingroup.BasicModuleUITests;
				PRODUCT_NAME = "$(TARGET_NAME)";
				TARGETED_DEVICE_FAMILY = "1,2";
				TEST_TARGET_NAME = BasicModule;
			};
			name = Release;
		};
/* End XCBuildConfiguration section */

/* Begin XCConfigurationList section */
		91B8E88E22E4ABC700F73430 /* Build configuration list for PBXProject "BasicModule" */ = {
			isa = XCConfigurationList;
			buildConfigurations = (
				91B8E8BD22E4ABC800F73430 /* Debug */,
				91B8E8BE22E4ABC800F73430 /* Release */,
			);
			defaultConfigurationIsVisible = 0;
			defaultConfigurationName = Release;
		};
		91B8E8BF22E4ABC800F73430 /* Build configuration list for PBXNativeTarget "BasicModule" */ = {
			isa = XCConfigurationList;
			buildConfigurations = (
				91B8E8C022E4ABC800F73430 /* Debug */,
				91B8E8C122E4ABC800F73430 /* Release */,
			);
			defaultConfigurationIsVisible = 0;
			defaultConfigurationName = Release;
		};
		91B8E8C222E4ABC800F73430 /* Build configuration list for PBXNativeTarget "BasicModuleTests" */ = {
			isa = XCConfigurationList;
			buildConfigurations = (
				91B8E8C322E4ABC800F73430 /* Debug */,
				91B8E8C422E4ABC800F73430 /* Release */,
			);
			defaultConfigurationIsVisible = 0;
			defaultConfigurationName = Release;
		};
		91B8E8C522E4ABC800F73430 /* Build configuration list for PBXNativeTarget "BasicModuleUITests" */ = {
			isa = XCConfigurationList;
			buildConfigurations = (
				91B8E8C622E4ABC800F73430 /* Debug */,
				91B8E8C722E4ABC800F73430 /* Release */,
			);
			defaultConfigurationIsVisible = 0;
			defaultConfigurationName = Release;
		};
/* End XCConfigurationList section */
	};
	rootObject = 91B8E88B22E4ABC700F73430 /* Project object */;
}
