// !$*UTF8*$!
{
	archiveVersion = 1;
	classes = {
	};
	objectVersion = 50;
	objects = {

/* Begin PBXBuildFile section */
		70C6D423891DB148B03A10D7 /* libPods-NetworkEngineUITests.a in Frameworks */ = {isa = PBXBuildFile; fileRef = CB68A584917B86BC5333F208 /* libPods-NetworkEngineUITests.a */; };
		715C2ACCAD29A7AA5B0EB6F8 /* libPods-NetworkEngine.a in Frameworks */ = {isa = PBXBuildFile; fileRef = 562EB7612D60F20C8AA4B263 /* libPods-NetworkEngine.a */; };
		7F1E1FDCB2D57D616ED532BD /* libPods-NetworkEngineTests.a in Frameworks */ = {isa = PBXBuildFile; fileRef = 6663CC189A94A25BA3444686 /* libPods-NetworkEngineTests.a */; };
		914AC66322E54E6800F2F647 /* AppDelegate.m in Sources */ = {isa = PBXBuildFile; fileRef = 914AC66222E54E6800F2F647 /* AppDelegate.m */; };
		914AC66922E54E6800F2F647 /* Main.storyboard in Resources */ = {isa = PBXBuildFile; fileRef = 914AC66722E54E6800F2F647 /* Main.storyboard */; };
		914AC66B22E54E6900F2F647 /* Assets.xcassets in Resources */ = {isa = PBXBuildFile; fileRef = 914AC66A22E54E6900F2F647 /* Assets.xcassets */; };
		914AC66E22E54E6900F2F647 /* LaunchScreen.storyboard in Resources */ = {isa = PBXBuildFile; fileRef = 914AC66C22E54E6900F2F647 /* LaunchScreen.storyboard */; };
		914AC67122E54E6900F2F647 /* main.m in Sources */ = {isa = PBXBuildFile; fileRef = 914AC67022E54E6900F2F647 /* main.m */; };
		914AC67B22E54E6A00F2F647 /* NetworkEngineTests.m in Sources */ = {isa = PBXBuildFile; fileRef = 914AC67A22E54E6A00F2F647 /* NetworkEngineTests.m */; };
		914AC68622E54E6A00F2F647 /* NetworkEngineUITests.m in Sources */ = {isa = PBXBuildFile; fileRef = 914AC68522E54E6A00F2F647 /* NetworkEngineUITests.m */; };
		91DA7EA322F17BAA00111DFD /* libHMNetworkEngineLib.a in Frameworks */ = {isa = PBXBuildFile; fileRef = 91DA7EA222F17BAA00111DFD /* libHMNetworkEngineLib.a */; };
/* End PBXBuildFile section */

/* Begin PBXContainerItemProxy section */
		914AC67722E54E6A00F2F647 /* PBXContainerItemProxy */ = {
			isa = PBXContainerItemProxy;
			containerPortal = 914AC65622E54E6800F2F647 /* Project object */;
			proxyType = 1;
			remoteGlobalIDString = 914AC65D22E54E6800F2F647;
			remoteInfo = NetworkEngine;
		};
		914AC68222E54E6A00F2F647 /* PBXContainerItemProxy */ = {
			isa = PBXContainerItemProxy;
			containerPortal = 914AC65622E54E6800F2F647 /* Project object */;
			proxyType = 1;
			remoteGlobalIDString = 914AC65D22E54E6800F2F647;
			remoteInfo = NetworkEngine;
		};
/* End PBXContainerItemProxy section */

/* Begin PBXFileReference section */
		12AAC9EE47A76762A3CAC087 /* Pods-NetworkEngineTests.debug.xcconfig */ = {isa = PBXFileReference; includeInIndex = 1; lastKnownFileType = text.xcconfig; name = "Pods-NetworkEngineTests.debug.xcconfig"; path = "Pods/Target Support Files/Pods-NetworkEngineTests/Pods-NetworkEngineTests.debug.xcconfig"; sourceTree = "<group>"; };
		49B7F3D4B44143103BE0EB99 /* Pods-NetworkEngine.release.xcconfig */ = {isa = PBXFileReference; includeInIndex = 1; lastKnownFileType = text.xcconfig; name = "Pods-NetworkEngine.release.xcconfig"; path = "Pods/Target Support Files/Pods-NetworkEngine/Pods-NetworkEngine.release.xcconfig"; sourceTree = "<group>"; };
		562EB7612D60F20C8AA4B263 /* libPods-NetworkEngine.a */ = {isa = PBXFileReference; explicitFileType = archive.ar; includeInIndex = 0; path = "libPods-NetworkEngine.a"; sourceTree = BUILT_PRODUCTS_DIR; };
		6663CC189A94A25BA3444686 /* libPods-NetworkEngineTests.a */ = {isa = PBXFileReference; explicitFileType = archive.ar; includeInIndex = 0; path = "libPods-NetworkEngineTests.a"; sourceTree = BUILT_PRODUCTS_DIR; };
		914AC65E22E54E6800F2F647 /* NetworkEngine.app */ = {isa = PBXFileReference; explicitFileType = wrapper.application; includeInIndex = 0; path = NetworkEngine.app; sourceTree = BUILT_PRODUCTS_DIR; };
		914AC66122E54E6800F2F647 /* AppDelegate.h */ = {isa = PBXFileReference; lastKnownFileType = sourcecode.c.h; path = AppDelegate.h; sourceTree = "<group>"; };
		914AC66222E54E6800F2F647 /* AppDelegate.m */ = {isa = PBXFileReference; lastKnownFileType = sourcecode.c.objc; path = AppDelegate.m; sourceTree = "<group>"; };
		914AC66822E54E6800F2F647 /* Base */ = {isa = PBXFileReference; lastKnownFileType = file.storyboard; name = Base; path = Base.lproj/Main.storyboard; sourceTree = "<group>"; };
		914AC66A22E54E6900F2F647 /* Assets.xcassets */ = {isa = PBXFileReference; lastKnownFileType = folder.assetcatalog; path = Assets.xcassets; sourceTree = "<group>"; };
		914AC66D22E54E6900F2F647 /* Base */ = {isa = PBXFileReference; lastKnownFileType = file.storyboard; name = Base; path = Base.lproj/LaunchScreen.storyboard; sourceTree = "<group>"; };
		914AC66F22E54E6900F2F647 /* Info.plist */ = {isa = PBXFileReference; lastKnownFileType = text.plist.xml; path = Info.plist; sourceTree = "<group>"; };
		914AC67022E54E6900F2F647 /* main.m */ = {isa = PBXFileReference; lastKnownFileType = sourcecode.c.objc; path = main.m; sourceTree = "<group>"; };
		914AC67622E54E6A00F2F647 /* NetworkEngineTests.xctest */ = {isa = PBXFileReference; explicitFileType = wrapper.cfbundle; includeInIndex = 0; path = NetworkEngineTests.xctest; sourceTree = BUILT_PRODUCTS_DIR; };
		914AC67A22E54E6A00F2F647 /* NetworkEngineTests.m */ = {isa = PBXFileReference; lastKnownFileType = sourcecode.c.objc; path = NetworkEngineTests.m; sourceTree = "<group>"; };
		914AC67C22E54E6A00F2F647 /* Info.plist */ = {isa = PBXFileReference; lastKnownFileType = text.plist.xml; path = Info.plist; sourceTree = "<group>"; };
		914AC68122E54E6A00F2F647 /* NetworkEngineUITests.xctest */ = {isa = PBXFileReference; explicitFileType = wrapper.cfbundle; includeInIndex = 0; path = NetworkEngineUITests.xctest; sourceTree = BUILT_PRODUCTS_DIR; };
		914AC68522E54E6A00F2F647 /* NetworkEngineUITests.m */ = {isa = PBXFileReference; lastKnownFileType = sourcecode.c.objc; path = NetworkEngineUITests.m; sourceTree = "<group>"; };
		914AC68722E54E6A00F2F647 /* Info.plist */ = {isa = PBXFileReference; lastKnownFileType = text.plist.xml; path = Info.plist; sourceTree = "<group>"; };
		91DA7EA222F17BAA00111DFD /* libHMNetworkEngineLib.a */ = {isa = PBXFileReference; explicitFileType = archive.ar; path = libHMNetworkEngineLib.a; sourceTree = BUILT_PRODUCTS_DIR; };
		939FEADAE5C79D3CFA28FFF9 /* Pods-NetworkEngineUITests.release.xcconfig */ = {isa = PBXFileReference; includeInIndex = 1; lastKnownFileType = text.xcconfig; name = "Pods-NetworkEngineUITests.release.xcconfig"; path = "Pods/Target Support Files/Pods-NetworkEngineUITests/Pods-NetworkEngineUITests.release.xcconfig"; sourceTree = "<group>"; };
		A440C7125009AC110CC0BB5C /* Pods-NetworkEngine.debug.xcconfig */ = {isa = PBXFileReference; includeInIndex = 1; lastKnownFileType = text.xcconfig; name = "Pods-NetworkEngine.debug.xcconfig"; path = "Pods/Target Support Files/Pods-NetworkEngine/Pods-NetworkEngine.debug.xcconfig"; sourceTree = "<group>"; };
		CB68A584917B86BC5333F208 /* libPods-NetworkEngineUITests.a */ = {isa = PBXFileReference; explicitFileType = archive.ar; includeInIndex = 0; path = "libPods-NetworkEngineUITests.a"; sourceTree = BUILT_PRODUCTS_DIR; };
		CFC61D3E9ABDE896FEE40A7A /* Pods-NetworkEngineUITests.debug.xcconfig */ = {isa = PBXFileReference; includeInIndex = 1; lastKnownFileType = text.xcconfig; name = "Pods-NetworkEngineUITests.debug.xcconfig"; path = "Pods/Target Support Files/Pods-NetworkEngineUITests/Pods-NetworkEngineUITests.debug.xcconfig"; sourceTree = "<group>"; };
		DACB9D3C8F822E1FB0D89098 /* Pods-NetworkEngineTests.release.xcconfig */ = {isa = PBXFileReference; includeInIndex = 1; lastKnownFileType = text.xcconfig; name = "Pods-NetworkEngineTests.release.xcconfig"; path = "Pods/Target Support Files/Pods-NetworkEngineTests/Pods-NetworkEngineTests.release.xcconfig"; sourceTree = "<group>"; };
/* End PBXFileReference section */

/* Begin PBXFrameworksBuildPhase section */
		914AC65B22E54E6800F2F647 /* Frameworks */ = {
			isa = PBXFrameworksBuildPhase;
			buildActionMask = 2147483647;
			files = (
				91DA7EA322F17BAA00111DFD /* libHMNetworkEngineLib.a in Frameworks */,
				715C2ACCAD29A7AA5B0EB6F8 /* libPods-NetworkEngine.a in Frameworks */,
			);
			runOnlyForDeploymentPostprocessing = 0;
		};
		914AC67322E54E6A00F2F647 /* Frameworks */ = {
			isa = PBXFrameworksBuildPhase;
			buildActionMask = 2147483647;
			files = (
				7F1E1FDCB2D57D616ED532BD /* libPods-NetworkEngineTests.a in Frameworks */,
			);
			runOnlyForDeploymentPostprocessing = 0;
		};
		914AC67E22E54E6A00F2F647 /* Frameworks */ = {
			isa = PBXFrameworksBuildPhase;
			buildActionMask = 2147483647;
			files = (
				70C6D423891DB148B03A10D7 /* libPods-NetworkEngineUITests.a in Frameworks */,
			);
			runOnlyForDeploymentPostprocessing = 0;
		};
/* End PBXFrameworksBuildPhase section */

/* Begin PBXGroup section */
		8B4B70C1DFFE3BF3CFE8FCA4 /* Frameworks */ = {
			isa = PBXGroup;
			children = (
				91DA7EA222F17BAA00111DFD /* libHMNetworkEngineLib.a */,
				562EB7612D60F20C8AA4B263 /* libPods-NetworkEngine.a */,
				6663CC189A94A25BA3444686 /* libPods-NetworkEngineTests.a */,
				CB68A584917B86BC5333F208 /* libPods-NetworkEngineUITests.a */,
			);
			name = Frameworks;
			sourceTree = "<group>";
		};
		8C802285D2F1F7F1C6403FE5 /* Pods */ = {
			isa = PBXGroup;
			children = (
				A440C7125009AC110CC0BB5C /* Pods-NetworkEngine.debug.xcconfig */,
				49B7F3D4B44143103BE0EB99 /* Pods-NetworkEngine.release.xcconfig */,
				12AAC9EE47A76762A3CAC087 /* Pods-NetworkEngineTests.debug.xcconfig */,
				DACB9D3C8F822E1FB0D89098 /* Pods-NetworkEngineTests.release.xcconfig */,
				CFC61D3E9ABDE896FEE40A7A /* Pods-NetworkEngineUITests.debug.xcconfig */,
				939FEADAE5C79D3CFA28FFF9 /* Pods-NetworkEngineUITests.release.xcconfig */,
			);
			name = Pods;
			sourceTree = "<group>";
		};
		914AC65522E54E6800F2F647 = {
			isa = PBXGroup;
			children = (
				914AC66022E54E6800F2F647 /* NetworkEngine */,
				914AC67922E54E6A00F2F647 /* NetworkEngineTests */,
				914AC68422E54E6A00F2F647 /* NetworkEngineUITests */,
				914AC65F22E54E6800F2F647 /* Products */,
				8C802285D2F1F7F1C6403FE5 /* Pods */,
				8B4B70C1DFFE3BF3CFE8FCA4 /* Frameworks */,
			);
			sourceTree = "<group>";
		};
		914AC65F22E54E6800F2F647 /* Products */ = {
			isa = PBXGroup;
			children = (
				914AC65E22E54E6800F2F647 /* NetworkEngine.app */,
				914AC67622E54E6A00F2F647 /* NetworkEngineTests.xctest */,
				914AC68122E54E6A00F2F647 /* NetworkEngineUITests.xctest */,
			);
			name = Products;
			sourceTree = "<group>";
		};
		914AC66022E54E6800F2F647 /* NetworkEngine */ = {
			isa = PBXGroup;
			children = (
				914AC66122E54E6800F2F647 /* AppDelegate.h */,
				914AC66222E54E6800F2F647 /* AppDelegate.m */,
				914AC66722E54E6800F2F647 /* Main.storyboard */,
				914AC66A22E54E6900F2F647 /* Assets.xcassets */,
				914AC66C22E54E6900F2F647 /* LaunchScreen.storyboard */,
				914AC66F22E54E6900F2F647 /* Info.plist */,
				914AC67022E54E6900F2F647 /* main.m */,
			);
			path = NetworkEngine;
			sourceTree = "<group>";
		};
		914AC67922E54E6A00F2F647 /* NetworkEngineTests */ = {
			isa = PBXGroup;
			children = (
				914AC67A22E54E6A00F2F647 /* NetworkEngineTests.m */,
				914AC67C22E54E6A00F2F647 /* Info.plist */,
			);
			path = NetworkEngineTests;
			sourceTree = "<group>";
		};
		914AC68422E54E6A00F2F647 /* NetworkEngineUITests */ = {
			isa = PBXGroup;
			children = (
				914AC68522E54E6A00F2F647 /* NetworkEngineUITests.m */,
				914AC68722E54E6A00F2F647 /* Info.plist */,
			);
			path = NetworkEngineUITests;
			sourceTree = "<group>";
		};
/* End PBXGroup section */

/* Begin PBXNativeTarget section */
		914AC65D22E54E6800F2F647 /* NetworkEngine */ = {
			isa = PBXNativeTarget;
			buildConfigurationList = 914AC68A22E54E6A00F2F647 /* Build configuration list for PBXNativeTarget "NetworkEngine" */;
			buildPhases = (
				E9E75D0CC4A2FE34851BC214 /* [CP] Check Pods Manifest.lock */,
				914AC65A22E54E6800F2F647 /* Sources */,
				914AC65B22E54E6800F2F647 /* Frameworks */,
				914AC65C22E54E6800F2F647 /* Resources */,
				AC6695EBA9F67F01D090147A /* [CP] Embed Pods Frameworks */,
				F167D10019AC0C67A6C6445C /* [CP] Copy Pods Resources */,
			);
			buildRules = (
			);
			dependencies = (
			);
			name = NetworkEngine;
			productName = NetworkEngine;
			productReference = 914AC65E22E54E6800F2F647 /* NetworkEngine.app */;
			productType = "com.apple.product-type.application";
		};
		914AC67522E54E6A00F2F647 /* NetworkEngineTests */ = {
			isa = PBXNativeTarget;
			buildConfigurationList = 914AC68D22E54E6A00F2F647 /* Build configuration list for PBXNativeTarget "NetworkEngineTests" */;
			buildPhases = (
				DB17EC0EB8596CE300335939 /* [CP] Check Pods Manifest.lock */,
				914AC67222E54E6A00F2F647 /* Sources */,
				914AC67322E54E6A00F2F647 /* Frameworks */,
				914AC67422E54E6A00F2F647 /* Resources */,
				456BCA6C9EE74BCA6C2BB098 /* [CP] Embed Pods Frameworks */,
				496D1673644C291EFCDA41F0 /* [CP] Copy Pods Resources */,
			);
			buildRules = (
			);
			dependencies = (
				914AC67822E54E6A00F2F647 /* PBXTargetDependency */,
			);
			name = NetworkEngineTests;
			productName = NetworkEngineTests;
			productReference = 914AC67622E54E6A00F2F647 /* NetworkEngineTests.xctest */;
			productType = "com.apple.product-type.bundle.unit-test";
		};
		914AC68022E54E6A00F2F647 /* NetworkEngineUITests */ = {
			isa = PBXNativeTarget;
			buildConfigurationList = 914AC69022E54E6A00F2F647 /* Build configuration list for PBXNativeTarget "NetworkEngineUITests" */;
			buildPhases = (
				BB879316F8E6EB6965835B6E /* [CP] Check Pods Manifest.lock */,
				914AC67D22E54E6A00F2F647 /* Sources */,
				914AC67E22E54E6A00F2F647 /* Frameworks */,
				914AC67F22E54E6A00F2F647 /* Resources */,
				4B742A0CB3279E944FADA388 /* [CP] Embed Pods Frameworks */,
				BEFDD487067B1DF8906FC1EB /* [CP] Copy Pods Resources */,
			);
			buildRules = (
			);
			dependencies = (
				914AC68322E54E6A00F2F647 /* PBXTargetDependency */,
			);
			name = NetworkEngineUITests;
			productName = NetworkEngineUITests;
			productReference = 914AC68122E54E6A00F2F647 /* NetworkEngineUITests.xctest */;
			productType = "com.apple.product-type.bundle.ui-testing";
		};
/* End PBXNativeTarget section */

/* Begin PBXProject section */
		914AC65622E54E6800F2F647 /* Project object */ = {
			isa = PBXProject;
			attributes = {
				LastUpgradeCheck = 1010;
				ORGANIZATIONNAME = lijunfeng;
				TargetAttributes = {
					914AC65D22E54E6800F2F647 = {
						CreatedOnToolsVersion = 10.1;
					};
					914AC67522E54E6A00F2F647 = {
						CreatedOnToolsVersion = 10.1;
						TestTargetID = 914AC65D22E54E6800F2F647;
					};
					914AC68022E54E6A00F2F647 = {
						CreatedOnToolsVersion = 10.1;
						TestTargetID = 914AC65D22E54E6800F2F647;
					};
				};
			};
			buildConfigurationList = 914AC65922E54E6800F2F647 /* Build configuration list for PBXProject "NetworkEngine" */;
			compatibilityVersion = "Xcode 9.3";
			developmentRegion = en;
			hasScannedForEncodings = 0;
			knownRegions = (
				en,
				Base,
			);
			mainGroup = 914AC65522E54E6800F2F647;
			productRefGroup = 914AC65F22E54E6800F2F647 /* Products */;
			projectDirPath = "";
			projectRoot = "";
			targets = (
				914AC65D22E54E6800F2F647 /* NetworkEngine */,
				914AC67522E54E6A00F2F647 /* NetworkEngineTests */,
				914AC68022E54E6A00F2F647 /* NetworkEngineUITests */,
			);
		};
/* End PBXProject section */

/* Begin PBXResourcesBuildPhase section */
		914AC65C22E54E6800F2F647 /* Resources */ = {
			isa = PBXResourcesBuildPhase;
			buildActionMask = 2147483647;
			files = (
				914AC66E22E54E6900F2F647 /* LaunchScreen.storyboard in Resources */,
				914AC66B22E54E6900F2F647 /* Assets.xcassets in Resources */,
				914AC66922E54E6800F2F647 /* Main.storyboard in Resources */,
			);
			runOnlyForDeploymentPostprocessing = 0;
		};
		914AC67422E54E6A00F2F647 /* Resources */ = {
			isa = PBXResourcesBuildPhase;
			buildActionMask = 2147483647;
			files = (
			);
			runOnlyForDeploymentPostprocessing = 0;
		};
		914AC67F22E54E6A00F2F647 /* Resources */ = {
			isa = PBXResourcesBuildPhase;
			buildActionMask = 2147483647;
			files = (
			);
			runOnlyForDeploymentPostprocessing = 0;
		};
/* End PBXResourcesBuildPhase section */

/* Begin PBXShellScriptBuildPhase section */
		456BCA6C9EE74BCA6C2BB098 /* [CP] Embed Pods Frameworks */ = {
			isa = PBXShellScriptBuildPhase;
			buildActionMask = 2147483647;
			files = (
			);
			inputPaths = (
			);
			name = "[CP] Embed Pods Frameworks";
			outputPaths = (
			);
			runOnlyForDeploymentPostprocessing = 0;
			shellPath = /bin/sh;
			shellScript = "\"${SRCROOT}/Pods/Target Support Files/Pods-NetworkEngineTests/Pods-NetworkEngineTests-frameworks.sh\"\n";
			showEnvVarsInLog = 0;
		};
		496D1673644C291EFCDA41F0 /* [CP] Copy Pods Resources */ = {
			isa = PBXShellScriptBuildPhase;
			buildActionMask = 2147483647;
			files = (
			);
			inputPaths = (
			);
			name = "[CP] Copy Pods Resources";
			outputPaths = (
			);
			runOnlyForDeploymentPostprocessing = 0;
			shellPath = /bin/sh;
			shellScript = "\"${SRCROOT}/Pods/Target Support Files/Pods-NetworkEngineTests/Pods-NetworkEngineTests-resources.sh\"\n";
			showEnvVarsInLog = 0;
		};
		4B742A0CB3279E944FADA388 /* [CP] Embed Pods Frameworks */ = {
			isa = PBXShellScriptBuildPhase;
			buildActionMask = 2147483647;
			files = (
			);
			inputPaths = (
			);
			name = "[CP] Embed Pods Frameworks";
			outputPaths = (
			);
			runOnlyForDeploymentPostprocessing = 0;
			shellPath = /bin/sh;
			shellScript = "\"${SRCROOT}/Pods/Target Support Files/Pods-NetworkEngineUITests/Pods-NetworkEngineUITests-frameworks.sh\"\n";
			showEnvVarsInLog = 0;
		};
		AC6695EBA9F67F01D090147A /* [CP] Embed Pods Frameworks */ = {
			isa = PBXShellScriptBuildPhase;
			buildActionMask = 2147483647;
			files = (
			);
			inputPaths = (
			);
			name = "[CP] Embed Pods Frameworks";
			outputPaths = (
			);
			runOnlyForDeploymentPostprocessing = 0;
			shellPath = /bin/sh;
			shellScript = "\"${SRCROOT}/Pods/Target Support Files/Pods-NetworkEngine/Pods-NetworkEngine-frameworks.sh\"\n";
			showEnvVarsInLog = 0;
		};
		BB879316F8E6EB6965835B6E /* [CP] Check Pods Manifest.lock */ = {
			isa = PBXShellScriptBuildPhase;
			buildActionMask = 2147483647;
			files = (
			);
			inputPaths = (
				"${PODS_PODFILE_DIR_PATH}/Podfile.lock",
				"${PODS_ROOT}/Manifest.lock",
			);
			name = "[CP] Check Pods Manifest.lock";
			outputPaths = (
				"$(DERIVED_FILE_DIR)/Pods-NetworkEngineUITests-checkManifestLockResult.txt",
			);
			runOnlyForDeploymentPostprocessing = 0;
			shellPath = /bin/sh;
			shellScript = "diff \"${PODS_PODFILE_DIR_PATH}/Podfile.lock\" \"${PODS_ROOT}/Manifest.lock\" > /dev/null\nif [ $? != 0 ] ; then\n    # print error to STDERR\n    echo \"error: The sandbox is not in sync with the Podfile.lock. Run 'pod install' or update your CocoaPods installation.\" >&2\n    exit 1\nfi\n# This output is used by Xcode 'outputs' to avoid re-running this script phase.\necho \"SUCCESS\" > \"${SCRIPT_OUTPUT_FILE_0}\"\n";
			showEnvVarsInLog = 0;
		};
		BEFDD487067B1DF8906FC1EB /* [CP] Copy Pods Resources */ = {
			isa = PBXShellScriptBuildPhase;
			buildActionMask = 2147483647;
			files = (
			);
			inputPaths = (
			);
			name = "[CP] Copy Pods Resources";
			outputPaths = (
			);
			runOnlyForDeploymentPostprocessing = 0;
			shellPath = /bin/sh;
			shellScript = "\"${SRCROOT}/Pods/Target Support Files/Pods-NetworkEngineUITests/Pods-NetworkEngineUITests-resources.sh\"\n";
			showEnvVarsInLog = 0;
		};
		DB17EC0EB8596CE300335939 /* [CP] Check Pods Manifest.lock */ = {
			isa = PBXShellScriptBuildPhase;
			buildActionMask = 2147483647;
			files = (
			);
			inputPaths = (
				"${PODS_PODFILE_DIR_PATH}/Podfile.lock",
				"${PODS_ROOT}/Manifest.lock",
			);
			name = "[CP] Check Pods Manifest.lock";
			outputPaths = (
				"$(DERIVED_FILE_DIR)/Pods-NetworkEngineTests-checkManifestLockResult.txt",
			);
			runOnlyForDeploymentPostprocessing = 0;
			shellPath = /bin/sh;
			shellScript = "diff \"${PODS_PODFILE_DIR_PATH}/Podfile.lock\" \"${PODS_ROOT}/Manifest.lock\" > /dev/null\nif [ $? != 0 ] ; then\n    # print error to STDERR\n    echo \"error: The sandbox is not in sync with the Podfile.lock. Run 'pod install' or update your CocoaPods installation.\" >&2\n    exit 1\nfi\n# This output is used by Xcode 'outputs' to avoid re-running this script phase.\necho \"SUCCESS\" > \"${SCRIPT_OUTPUT_FILE_0}\"\n";
			showEnvVarsInLog = 0;
		};
		E9E75D0CC4A2FE34851BC214 /* [CP] Check Pods Manifest.lock */ = {
			isa = PBXShellScriptBuildPhase;
			buildActionMask = 2147483647;
			files = (
			);
			inputPaths = (
				"${PODS_PODFILE_DIR_PATH}/Podfile.lock",
				"${PODS_ROOT}/Manifest.lock",
			);
			name = "[CP] Check Pods Manifest.lock";
			outputPaths = (
				"$(DERIVED_FILE_DIR)/Pods-NetworkEngine-checkManifestLockResult.txt",
			);
			runOnlyForDeploymentPostprocessing = 0;
			shellPath = /bin/sh;
			shellScript = "diff \"${PODS_PODFILE_DIR_PATH}/Podfile.lock\" \"${PODS_ROOT}/Manifest.lock\" > /dev/null\nif [ $? != 0 ] ; then\n    # print error to STDERR\n    echo \"error: The sandbox is not in sync with the Podfile.lock. Run 'pod install' or update your CocoaPods installation.\" >&2\n    exit 1\nfi\n# This output is used by Xcode 'outputs' to avoid re-running this script phase.\necho \"SUCCESS\" > \"${SCRIPT_OUTPUT_FILE_0}\"\n";
			showEnvVarsInLog = 0;
		};
		F167D10019AC0C67A6C6445C /* [CP] Copy Pods Resources */ = {
			isa = PBXShellScriptBuildPhase;
			buildActionMask = 2147483647;
			files = (
			);
			inputPaths = (
			);
			name = "[CP] Copy Pods Resources";
			outputPaths = (
			);
			runOnlyForDeploymentPostprocessing = 0;
			shellPath = /bin/sh;
			shellScript = "\"${SRCROOT}/Pods/Target Support Files/Pods-NetworkEngine/Pods-NetworkEngine-resources.sh\"\n";
			showEnvVarsInLog = 0;
		};
/* End PBXShellScriptBuildPhase section */

/* Begin PBXSourcesBuildPhase section */
		914AC65A22E54E6800F2F647 /* Sources */ = {
			isa = PBXSourcesBuildPhase;
			buildActionMask = 2147483647;
			files = (
				914AC67122E54E6900F2F647 /* main.m in Sources */,
				914AC66322E54E6800F2F647 /* AppDelegate.m in Sources */,
			);
			runOnlyForDeploymentPostprocessing = 0;
		};
		914AC67222E54E6A00F2F647 /* Sources */ = {
			isa = PBXSourcesBuildPhase;
			buildActionMask = 2147483647;
			files = (
				914AC67B22E54E6A00F2F647 /* NetworkEngineTests.m in Sources */,
			);
			runOnlyForDeploymentPostprocessing = 0;
		};
		914AC67D22E54E6A00F2F647 /* Sources */ = {
			isa = PBXSourcesBuildPhase;
			buildActionMask = 2147483647;
			files = (
				914AC68622E54E6A00F2F647 /* NetworkEngineUITests.m in Sources */,
			);
			runOnlyForDeploymentPostprocessing = 0;
		};
/* End PBXSourcesBuildPhase section */

/* Begin PBXTargetDependency section */
		914AC67822E54E6A00F2F647 /* PBXTargetDependency */ = {
			isa = PBXTargetDependency;
			target = 914AC65D22E54E6800F2F647 /* NetworkEngine */;
			targetProxy = 914AC67722E54E6A00F2F647 /* PBXContainerItemProxy */;
		};
		914AC68322E54E6A00F2F647 /* PBXTargetDependency */ = {
			isa = PBXTargetDependency;
			target = 914AC65D22E54E6800F2F647 /* NetworkEngine */;
			targetProxy = 914AC68222E54E6A00F2F647 /* PBXContainerItemProxy */;
		};
/* End PBXTargetDependency section */

/* Begin PBXVariantGroup section */
		914AC66722E54E6800F2F647 /* Main.storyboard */ = {
			isa = PBXVariantGroup;
			children = (
				914AC66822E54E6800F2F647 /* Base */,
			);
			name = Main.storyboard;
			sourceTree = "<group>";
		};
		914AC66C22E54E6900F2F647 /* LaunchScreen.storyboard */ = {
			isa = PBXVariantGroup;
			children = (
				914AC66D22E54E6900F2F647 /* Base */,
			);
			name = LaunchScreen.storyboard;
			sourceTree = "<group>";
		};
/* End PBXVariantGroup section */

/* Begin XCBuildConfiguration section */
		914AC68822E54E6A00F2F647 /* Debug */ = {
			isa = XCBuildConfiguration;
			buildSettings = {
				ALWAYS_SEARCH_USER_PATHS = NO;
				CLANG_ANALYZER_NONNULL = YES;
				CLANG_ANALYZER_NUMBER_OBJECT_CONVERSION = YES_AGGRESSIVE;
				CLANG_CXX_LANGUAGE_STANDARD = "gnu++14";
				CLANG_CXX_LIBRARY = "libc++";
				CLANG_ENABLE_MODULES = YES;
				CLANG_ENABLE_OBJC_ARC = YES;
				CLANG_ENABLE_OBJC_WEAK = YES;
				CLANG_WARN_BLOCK_CAPTURE_AUTORELEASING = YES;
				CLANG_WARN_BOOL_CONVERSION = YES;
				CLANG_WARN_COMMA = YES;
				CLANG_WARN_CONSTANT_CONVERSION = YES;
				CLANG_WARN_DEPRECATED_OBJC_IMPLEMENTATIONS = YES;
				CLANG_WARN_DIRECT_OBJC_ISA_USAGE = YES_ERROR;
				CLANG_WARN_DOCUMENTATION_COMMENTS = YES;
				CLANG_WARN_EMPTY_BODY = YES;
				CLANG_WARN_ENUM_CONVERSION = YES;
				CLANG_WARN_INFINITE_RECURSION = YES;
				CLANG_WARN_INT_CONVERSION = YES;
				CLANG_WARN_NON_LITERAL_NULL_CONVERSION = YES;
				CLANG_WARN_OBJC_IMPLICIT_RETAIN_SELF = YES;
				CLANG_WARN_OBJC_LITERAL_CONVERSION = YES;
				CLANG_WARN_OBJC_ROOT_CLASS = YES_ERROR;
				CLANG_WARN_RANGE_LOOP_ANALYSIS = YES;
				CLANG_WARN_STRICT_PROTOTYPES = YES;
				CLANG_WARN_SUSPICIOUS_MOVE = YES;
				CLANG_WARN_UNGUARDED_AVAILABILITY = YES_AGGRESSIVE;
				CLANG_WARN_UNREACHABLE_CODE = YES;
				CLANG_WARN__DUPLICATE_METHOD_MATCH = YES;
				CODE_SIGN_IDENTITY = "iPhone Developer";
				COPY_PHASE_STRIP = NO;
				DEBUG_INFORMATION_FORMAT = dwarf;
				ENABLE_STRICT_OBJC_MSGSEND = YES;
				ENABLE_TESTABILITY = YES;
				GCC_C_LANGUAGE_STANDARD = gnu11;
				GCC_DYNAMIC_NO_PIC = NO;
				GCC_NO_COMMON_BLOCKS = YES;
				GCC_OPTIMIZATION_LEVEL = 0;
				GCC_PREPROCESSOR_DEFINITIONS = (
					"DEBUG=1",
					"$(inherited)",
				);
				GCC_WARN_64_TO_32_BIT_CONVERSION = YES;
				GCC_WARN_ABOUT_RETURN_TYPE = YES_ERROR;
				GCC_WARN_UNDECLARED_SELECTOR = YES;
				GCC_WARN_UNINITIALIZED_AUTOS = YES_AGGRESSIVE;
				GCC_WARN_UNUSED_FUNCTION = YES;
				GCC_WARN_UNUSED_VARIABLE = YES;
				IPHONEOS_DEPLOYMENT_TARGET = 12.1;
				MTL_ENABLE_DEBUG_INFO = INCLUDE_SOURCE;
				MTL_FAST_MATH = YES;
				ONLY_ACTIVE_ARCH = YES;
				SDKROOT = iphoneos;
			};
			name = Debug;
		};
		914AC68922E54E6A00F2F647 /* Release */ = {
			isa = XCBuildConfiguration;
			buildSettings = {
				ALWAYS_SEARCH_USER_PATHS = NO;
				CLANG_ANALYZER_NONNULL = YES;
				CLANG_ANALYZER_NUMBER_OBJECT_CONVERSION = YES_AGGRESSIVE;
				CLANG_CXX_LANGUAGE_STANDARD = "gnu++14";
				CLANG_CXX_LIBRARY = "libc++";
				CLANG_ENABLE_MODULES = YES;
				CLANG_ENABLE_OBJC_ARC = YES;
				CLANG_ENABLE_OBJC_WEAK = YES;
				CLANG_WARN_BLOCK_CAPTURE_AUTORELEASING = YES;
				CLANG_WARN_BOOL_CONVERSION = YES;
				CLANG_WARN_COMMA = YES;
				CLANG_WARN_CONSTANT_CONVERSION = YES;
				CLANG_WARN_DEPRECATED_OBJC_IMPLEMENTATIONS = YES;
				CLANG_WARN_DIRECT_OBJC_ISA_USAGE = YES_ERROR;
				CLANG_WARN_DOCUMENTATION_COMMENTS = YES;
				CLANG_WARN_EMPTY_BODY = YES;
				CLANG_WARN_ENUM_CONVERSION = YES;
				CLANG_WARN_INFINITE_RECURSION = YES;
				CLANG_WARN_INT_CONVERSION = YES;
				CLANG_WARN_NON_LITERAL_NULL_CONVERSION = YES;
				CLANG_WARN_OBJC_IMPLICIT_RETAIN_SELF = YES;
				CLANG_WARN_OBJC_LITERAL_CONVERSION = YES;
				CLANG_WARN_OBJC_ROOT_CLASS = YES_ERROR;
				CLANG_WARN_RANGE_LOOP_ANALYSIS = YES;
				CLANG_WARN_STRICT_PROTOTYPES = YES;
				CLANG_WARN_SUSPICIOUS_MOVE = YES;
				CLANG_WARN_UNGUARDED_AVAILABILITY = YES_AGGRESSIVE;
				CLANG_WARN_UNREACHABLE_CODE = YES;
				CLANG_WARN__DUPLICATE_METHOD_MATCH = YES;
				CODE_SIGN_IDENTITY = "iPhone Developer";
				COPY_PHASE_STRIP = NO;
				DEBUG_INFORMATION_FORMAT = "dwarf-with-dsym";
				ENABLE_NS_ASSERTIONS = NO;
				ENABLE_STRICT_OBJC_MSGSEND = YES;
				GCC_C_LANGUAGE_STANDARD = gnu11;
				GCC_NO_COMMON_BLOCKS = YES;
				GCC_WARN_64_TO_32_BIT_CONVERSION = YES;
				GCC_WARN_ABOUT_RETURN_TYPE = YES_ERROR;
				GCC_WARN_UNDECLARED_SELECTOR = YES;
				GCC_WARN_UNINITIALIZED_AUTOS = YES_AGGRESSIVE;
				GCC_WARN_UNUSED_FUNCTION = YES;
				GCC_WARN_UNUSED_VARIABLE = YES;
				IPHONEOS_DEPLOYMENT_TARGET = 12.1;
				MTL_ENABLE_DEBUG_INFO = NO;
				MTL_FAST_MATH = YES;
				SDKROOT = iphoneos;
				VALIDATE_PRODUCT = YES;
			};
			name = Release;
		};
		914AC68B22E54E6A00F2F647 /* Debug */ = {
			isa = XCBuildConfiguration;
			baseConfigurationReference = A440C7125009AC110CC0BB5C /* Pods-NetworkEngine.debug.xcconfig */;
			buildSettings = {
				ASSETCATALOG_COMPILER_APPICON_NAME = AppIcon;
				CODE_SIGN_STYLE = Automatic;
				HEADER_SEARCH_PATHS = (
					"$(inherited)",
					"\"${PODS_ROOT}/Headers/Public\"",
					"\"$(SRCROOT)/../../../HMStaticLibs/HMNetworkEngineLib/HMNetworkEngineLib\"/**",
				);
				INFOPLIST_FILE = NetworkEngine/Info.plist;
				LD_RUNPATH_SEARCH_PATHS = (
					"$(inherited)",
					"@executable_path/Frameworks",
				);
				PRODUCT_BUNDLE_IDENTIFIER = com.main.maingroup.NetworkEngine;
				PRODUCT_NAME = "$(TARGET_NAME)";
				TARGETED_DEVICE_FAMILY = "1,2";
			};
			name = Debug;
		};
		914AC68C22E54E6A00F2F647 /* Release */ = {
			isa = XCBuildConfiguration;
			baseConfigurationReference = 49B7F3D4B44143103BE0EB99 /* Pods-NetworkEngine.release.xcconfig */;
			buildSettings = {
				ASSETCATALOG_COMPILER_APPICON_NAME = AppIcon;
				CODE_SIGN_STYLE = Automatic;
				HEADER_SEARCH_PATHS = (
					"$(inherited)",
					"\"${PODS_ROOT}/Headers/Public\"",
					"\"$(SRCROOT)/../../../HMStaticLibs/HMNetworkEngineLib/HMNetworkEngineLib\"/**",
				);
				INFOPLIST_FILE = NetworkEngine/Info.plist;
				LD_RUNPATH_SEARCH_PATHS = (
					"$(inherited)",
					"@executable_path/Frameworks",
				);
				PRODUCT_BUNDLE_IDENTIFIER = com.main.maingroup.NetworkEngine;
				PRODUCT_NAME = "$(TARGET_NAME)";
				TARGETED_DEVICE_FAMILY = "1,2";
			};
			name = Release;
		};
		914AC68E22E54E6A00F2F647 /* Debug */ = {
			isa = XCBuildConfiguration;
			baseConfigurationReference = 12AAC9EE47A76762A3CAC087 /* Pods-NetworkEngineTests.debug.xcconfig */;
			buildSettings = {
				BUNDLE_LOADER = "$(TEST_HOST)";
				CODE_SIGN_STYLE = Automatic;
				INFOPLIST_FILE = NetworkEngineTests/Info.plist;
				LD_RUNPATH_SEARCH_PATHS = (
					"$(inherited)",
					"@executable_path/Frameworks",
					"@loader_path/Frameworks",
				);
				PRODUCT_BUNDLE_IDENTIFIER = com.main.maingroup.NetworkEngineTests;
				PRODUCT_NAME = "$(TARGET_NAME)";
				TARGETED_DEVICE_FAMILY = "1,2";
				TEST_HOST = "$(BUILT_PRODUCTS_DIR)/NetworkEngine.app/NetworkEngine";
			};
			name = Debug;
		};
		914AC68F22E54E6A00F2F647 /* Release */ = {
			isa = XCBuildConfiguration;
			baseConfigurationReference = DACB9D3C8F822E1FB0D89098 /* Pods-NetworkEngineTests.release.xcconfig */;
			buildSettings = {
				BUNDLE_LOADER = "$(TEST_HOST)";
				CODE_SIGN_STYLE = Automatic;
				INFOPLIST_FILE = NetworkEngineTests/Info.plist;
				LD_RUNPATH_SEARCH_PATHS = (
					"$(inherited)",
					"@executable_path/Frameworks",
					"@loader_path/Frameworks",
				);
				PRODUCT_BUNDLE_IDENTIFIER = com.main.maingroup.NetworkEngineTests;
				PRODUCT_NAME = "$(TARGET_NAME)";
				TARGETED_DEVICE_FAMILY = "1,2";
				TEST_HOST = "$(BUILT_PRODUCTS_DIR)/NetworkEngine.app/NetworkEngine";
			};
			name = Release;
		};
		914AC69122E54E6A00F2F647 /* Debug */ = {
			isa = XCBuildConfiguration;
			baseConfigurationReference = CFC61D3E9ABDE896FEE40A7A /* Pods-NetworkEngineUITests.debug.xcconfig */;
			buildSettings = {
				CODE_SIGN_STYLE = Automatic;
				INFOPLIST_FILE = NetworkEngineUITests/Info.plist;
				LD_RUNPATH_SEARCH_PATHS = (
					"$(inherited)",
					"@executable_path/Frameworks",
					"@loader_path/Frameworks",
				);
				PRODUCT_BUNDLE_IDENTIFIER = com.main.maingroup.NetworkEngineUITests;
				PRODUCT_NAME = "$(TARGET_NAME)";
				TARGETED_DEVICE_FAMILY = "1,2";
				TEST_TARGET_NAME = NetworkEngine;
			};
			name = Debug;
		};
		914AC69222E54E6A00F2F647 /* Release */ = {
			isa = XCBuildConfiguration;
			baseConfigurationReference = 939FEADAE5C79D3CFA28FFF9 /* Pods-NetworkEngineUITests.release.xcconfig */;
			buildSettings = {
				CODE_SIGN_STYLE = Automatic;
				INFOPLIST_FILE = NetworkEngineUITests/Info.plist;
				LD_RUNPATH_SEARCH_PATHS = (
					"$(inherited)",
					"@executable_path/Frameworks",
					"@loader_path/Frameworks",
				);
				PRODUCT_BUNDLE_IDENTIFIER = com.main.maingroup.NetworkEngineUITests;
				PRODUCT_NAME = "$(TARGET_NAME)";
				TARGETED_DEVICE_FAMILY = "1,2";
				TEST_TARGET_NAME = NetworkEngine;
			};
			name = Release;
		};
/* End XCBuildConfiguration section */

/* Begin XCConfigurationList section */
		914AC65922E54E6800F2F647 /* Build configuration list for PBXProject "NetworkEngine" */ = {
			isa = XCConfigurationList;
			buildConfigurations = (
				914AC68822E54E6A00F2F647 /* Debug */,
				914AC68922E54E6A00F2F647 /* Release */,
			);
			defaultConfigurationIsVisible = 0;
			defaultConfigurationName = Release;
		};
		914AC68A22E54E6A00F2F647 /* Build configuration list for PBXNativeTarget "NetworkEngine" */ = {
			isa = XCConfigurationList;
			buildConfigurations = (
				914AC68B22E54E6A00F2F647 /* Debug */,
				914AC68C22E54E6A00F2F647 /* Release */,
			);
			defaultConfigurationIsVisible = 0;
			defaultConfigurationName = Release;
		};
		914AC68D22E54E6A00F2F647 /* Build configuration list for PBXNativeTarget "NetworkEngineTests" */ = {
			isa = XCConfigurationList;
			buildConfigurations = (
				914AC68E22E54E6A00F2F647 /* Debug */,
				914AC68F22E54E6A00F2F647 /* Release */,
			);
			defaultConfigurationIsVisible = 0;
			defaultConfigurationName = Release;
		};
		914AC69022E54E6A00F2F647 /* Build configuration list for PBXNativeTarget "NetworkEngineUITests" */ = {
			isa = XCConfigurationList;
			buildConfigurations = (
				914AC69122E54E6A00F2F647 /* Debug */,
				914AC69222E54E6A00F2F647 /* Release */,
			);
			defaultConfigurationIsVisible = 0;
			defaultConfigurationName = Release;
		};
/* End XCConfigurationList section */
	};
	rootObject = 914AC65622E54E6800F2F647 /* Project object */;
}
